
Microsoft Visual Studio Solution File, Format Version 12.00
# Visual Studio Version 17
VisualStudioVersion = 17.6.33723.286
MinimumVisualStudioVersion = 10.0.40219.1
Project("{FAE04EC0-301F-11D3-BF4B-00C04F79EFBC}") = "Catalog", "Catalog\Catalog.csproj", "{075470CC-2CDD-4C29-8DAA-D74EEEED3B71}"
EndProject
Project("{FAE04EC0-301F-11D3-BF4B-00C04F79EFBC}") = "Common", "Common\Common.csproj", "{100AB76D-EB81-48E6-AAC3-8546A58E187E}"
EndProject
Project("{FAE04EC0-301F-11D3-BF4B-00C04F79EFBC}") = "CatalogTest", "CatalogTest\CatalogTest.csproj", "{FD011904-2A50-498C-889D-F8D018A01222}"
EndProject
Global
	GlobalSection(SolutionConfigurationPlatforms) = preSolution
		Debug|Any CPU = Debug|Any CPU
		Release|Any CPU = Release|Any CPU
	EndGlobalSection
	GlobalSection(ProjectConfigurationPlatforms) = postSolution
		{075470CC-2CDD-4C29-8DAA-D74EEEED3B71}.Debug|Any CPU.ActiveCfg = Debug|Any CPU
		{075470CC-2CDD-4C29-8DAA-D74EEEED3B71}.Debug|Any CPU.Build.0 = Debug|Any CPU
		{075470CC-2CDD-4C29-8DAA-D74EEEED3B71}.Release|Any CPU.ActiveCfg = Release|Any CPU
		{075470CC-2CDD-4C29-8DAA-D74EEEED3B71}.Release|Any CPU.Build.0 = Release|Any CPU
		{100AB76D-EB81-48E6-AAC3-8546A58E187E}.Debug|Any CPU.ActiveCfg = Debug|Any CPU
		{100AB76D-EB81-48E6-AAC3-8546A58E187E}.Debug|Any CPU.Build.0 = Debug|Any CPU
		{100AB76D-EB81-48E6-AAC3-8546A58E187E}.Release|Any CPU.ActiveCfg = Release|Any CPU
		{100AB76D-EB81-48E6-AAC3-8546A58E187E}.Release|Any CPU.Build.0 = Release|Any CPU
		{FD011904-2A50-498C-889D-F8D018A01222}.Debug|Any CPU.ActiveCfg = Debug|Any CPU
		{FD011904-2A50-498C-889D-F8D018A01222}.Debug|Any CPU.Build.0 = Debug|Any CPU
		{FD011904-2A50-498C-889D-F8D018A01222}.Release|Any CPU.ActiveCfg = Release|Any CPU
		{FD011904-2A50-498C-889D-F8D018A01222}.Release|Any CPU.Build.0 = Release|Any CPU
	EndGlobalSection
	GlobalSection(SolutionProperties) = preSolution
		HideSolutionNode = FALSE
	EndGlobalSection
	GlobalSection(ExtensibilityGlobals) = postSolution
		SolutionGuid = {CF7F6373-584D-49B3-83F3-476C9E860660}
	EndGlobalSection
EndGlobal
